{
  "name": "insomnia-plugin-googlejwt",
  "version": "1.0.3",
  "lockfileVersion": 1,
  "requires": true,
  "dependencies": {
    "axios": {
      "version": "0.19.0",
      "resolved": "https://principal2.jfrog.io/principal2/api/npm/npm/axios/-/axios-0.19.0.tgz",
      "integrity": "sha1-jgm/89kSLhM/e4EByPvdAO09Krg=",
      "requires": {
        "follow-redirects": "1.5.10",
        "is-buffer": "^2.0.2"
      }
    },
    "buffer-equal-constant-time": {
      "version": "1.0.1",
      "resolved": "https://principal2.jfrog.io/principal2/api/npm/npm/buffer-equal-constant-time/-/buffer-equal-constant-time-1.0.1.tgz",
      "integrity": "sha1-+OcRMvf/5uAaXJaXpMbz5I1cyBk="
    },
    "debug": {
      "version": "3.1.0",
      "resolved": "https://principal2.jfrog.io/principal2/api/npm/npm/debug/-/debug-3.1.0.tgz",
      "integrity": "sha1-W7WgZyYotkFJVmuhaBnmFRjGcmE=",
      "requires": {
        "ms": "2.0.0"
      }
    },
    "ecdsa-sig-formatter": {
      "version": "1.0.11",
      "resolved": "https://principal2.jfrog.io/principal2/api/npm/npm/ecdsa-sig-formatter/-/ecdsa-sig-formatter-1.0.11.tgz",
      "integrity": "sha1-rg8PothQRe8UqBfao86azQSJ5b8=",
      "requires": {
        "safe-buffer": "^5.0.1"
      }
    },
    "follow-redirects": {
      "version": "1.5.10",
      "resolved": "https://principal2.jfrog.io/principal2/api/npm/npm/follow-redirects/-/follow-redirects-1.5.10.tgz",
      "integrity": "sha1-e3qfmuov3/NnhqlP9kPtB/T/Xio=",
      "requires": {
        "debug": "=3.1.0"
      }
    },
    "is-buffer": {
      "version": "2.0.3",
      "resolved": "https://principal2.jfrog.io/principal2/api/npm/npm/is-buffer/-/is-buffer-2.0.3.tgz",
      "integrity": "sha1-Ts8/z3ScvR5HJonhCaxmJhol5yU="
    },
    "jsonwebtoken": {
      "version": "8.5.1",
      "resolved": "https://principal2.jfrog.io/principal2/api/npm/npm/jsonwebtoken/-/jsonwebtoken-8.5.1.tgz",
      "integrity": "sha1-AOceC431TCEhofJhN98igGc7zA0=",
      "requires": {
        "jws": "^3.2.2",
        "lodash.includes": "^4.3.0",
        "lodash.isboolean": "^3.0.3",
        "lodash.isinteger": "^4.0.4",
        "lodash.isnumber": "^3.0.3",
        "lodash.isplainobject": "^4.0.6",
        "lodash.isstring": "^4.0.1",
        "lodash.once": "^4.0.0",
        "ms": "^2.1.1",
        "semver": "^5.6.0"
      },
      "dependencies": {
        "ms": {
          "version": "2.1.2",
          "resolved": "https://principal2.jfrog.io/principal2/api/npm/npm/ms/-/ms-2.1.2.tgz",
          "integrity": "sha1-0J0fNXtEP0kzgqjrPM0YOHKuYAk="
        }
      }
    },
    "jwa": {
      "version": "1.4.1",
      "resolved": "https://principal2.jfrog.io/principal2/api/npm/npm/jwa/-/jwa-1.4.1.tgz",
      "integrity": "sha1-dDwymFy56YZVUw1TZBtmyGRbA5o=",
      "requires": {
        "buffer-equal-constant-time": "1.0.1",
        "ecdsa-sig-formatter": "1.0.11",
        "safe-buffer": "^5.0.1"
      }
    },
    "jws": {
      "version": "3.2.2",
      "resolved": "https://principal2.jfrog.io/principal2/api/npm/npm/jws/-/jws-3.2.2.tgz",
      "integrity": "sha1-ABCZ82OUaMlBQADpmZX6UvtHgwQ=",
      "requires": {
        "jwa": "^1.4.1",
        "safe-buffer": "^5.0.1"
      }
    },
    "lodash.includes": {
      "version": "4.3.0",
      "resolved": "https://principal2.jfrog.io/principal2/api/npm/npm/lodash.includes/-/lodash.includes-4.3.0.tgz",
      "integrity": "sha1-YLuYqHy5I8aMoeUTJUgzFISfVT8="
    },
    "lodash.isboolean": {
      "version": "3.0.3",
      "resolved": "https://principal2.jfrog.io/principal2/api/npm/npm/lodash.isboolean/-/lodash.isboolean-3.0.3.tgz",
      "integrity": "sha1-bC4XHbKiV82WgC/UOwGyDV9YcPY="
    },
    "lodash.isinteger": {
      "version": "4.0.4",
      "resolved": "https://principal2.jfrog.io/principal2/api/npm/npm/lodash.isinteger/-/lodash.isinteger-4.0.4.tgz",
      "integrity": "sha1-YZwK89A/iwTDH1iChAt3sRzWg0M="
    },
    "lodash.isnumber": {
      "version": "3.0.3",
      "resolved": "https://principal2.jfrog.io/principal2/api/npm/npm/lodash.isnumber/-/lodash.isnumber-3.0.3.tgz",
      "integrity": "sha1-POdoEMWSjQM1IwGsKHMX8RwLH/w="
    },
    "lodash.isplainobject": {
      "version": "4.0.6",
      "resolved": "https://principal2.jfrog.io/principal2/api/npm/npm/lodash.isplainobject/-/lodash.isplainobject-4.0.6.tgz",
      "integrity": "sha1-fFJqUtibRcRcxpC4gWO+BJf1UMs="
    },
    "lodash.isstring": {
      "version": "4.0.1",
      "resolved": "https://principal2.jfrog.io/principal2/api/npm/npm/lodash.isstring/-/lodash.isstring-4.0.1.tgz",
      "integrity": "sha1-1SfftUVuynzJu5XV2ur4i6VKVFE="
    },
    "lodash.once": {
      "version": "4.1.1",
      "resolved": "https://principal2.jfrog.io/principal2/api/npm/npm/lodash.once/-/lodash.once-4.1.1.tgz",
      "integrity": "sha1-DdOXEhPHxW34gJd9UEyI+0cal6w="
    },
    "ms": {
      "version": "2.0.0",
      "resolved": "https://principal2.jfrog.io/principal2/api/npm/npm/ms/-/ms-2.0.0.tgz",
      "integrity": "sha1-VgiurfwAvmwpAd9fmGF4jeDVl8g="
    },
    "safe-buffer": {
      "version": "5.2.0",
      "resolved": "https://principal2.jfrog.io/principal2/api/npm/npm/safe-buffer/-/safe-buffer-5.2.0.tgz",
      "integrity": "sha1-t02uxJsRSPiMZLaNSbHoFcHy9Rk="
    },
    "semver": {
      "version": "5.7.0",
      "resolved": "https://principal2.jfrog.io/principal2/api/npm/npm/semver/-/semver-5.7.0.tgz",
      "integrity": "sha1-eQp89v6lRZuslhELKbYEEtyP+Ws="
    }
  }
}
